
Microsoft Visual Studio Solution File, Format Version 12.00
# Visual Studio 15
VisualStudioVersion = 15.0.26730.16
MinimumVisualStudioVersion = 10.0.40219.1
Project("{FAE04EC0-301F-11D3-BF4B-00C04F79EFBC}") = "Renci.SshNet.Async", "Renci.SshNet.Async\Renci.SshNet.Async.csproj", "{268D7381-271B-42D5-9BF1-C71CC5ABC57B}"
EndProject
Project("{9A19103F-16F7-4668-BE54-9A1E7A4F7556}") = "Renci.SshNet.Async.NETCore", "Renci.SshNet.Async.NETCore\Renci.SshNet.Async.NETCore.csproj", "{796B4E86-4DA3-427F-A825-13478EC03D6D}"
EndProject
Project("{FAE04EC0-301F-11D3-BF4B-00C04F79EFBC}") = "Renci.SshNet.Async.UAP10", "Renci.SshNet.Async.UAP10\Renci.SshNet.Async.UAP10.csproj", "{410592C2-3CF7-4AE0-B06C-6D23DFC5E40E}"
EndProject
Global
	GlobalSection(SolutionConfigurationPlatforms) = preSolution
		Debug|Any CPU = Debug|Any CPU
		Debug|ARM = Debug|ARM
		Debug|x64 = Debug|x64
		Debug|x86 = Debug|x86
		Release|Any CPU = Release|Any CPU
		Release|ARM = Release|ARM
		Release|x64 = Release|x64
		Release|x86 = Release|x86
	EndGlobalSection
	GlobalSection(ProjectConfigurationPlatforms) = postSolution
		{268D7381-271B-42D5-9BF1-C71CC5ABC57B}.Debug|Any CPU.ActiveCfg = Debug|Any CPU
		{268D7381-271B-42D5-9BF1-C71CC5ABC57B}.Debug|Any CPU.Build.0 = Debug|Any CPU
		{268D7381-271B-42D5-9BF1-C71CC5ABC57B}.Debug|ARM.ActiveCfg = Debug|Any CPU
		{268D7381-271B-42D5-9BF1-C71CC5ABC57B}.Debug|ARM.Build.0 = Debug|Any CPU
		{268D7381-271B-42D5-9BF1-C71CC5ABC57B}.Debug|x64.ActiveCfg = Debug|Any CPU
		{268D7381-271B-42D5-9BF1-C71CC5ABC57B}.Debug|x64.Build.0 = Debug|Any CPU
		{268D7381-271B-42D5-9BF1-C71CC5ABC57B}.Debug|x86.ActiveCfg = Debug|Any CPU
		{268D7381-271B-42D5-9BF1-C71CC5ABC57B}.Debug|x86.Build.0 = Debug|Any CPU
		{268D7381-271B-42D5-9BF1-C71CC5ABC57B}.Release|Any CPU.ActiveCfg = Release|Any CPU
		{268D7381-271B-42D5-9BF1-C71CC5ABC57B}.Release|Any CPU.Build.0 = Release|Any CPU
		{268D7381-271B-42D5-9BF1-C71CC5ABC57B}.Release|ARM.ActiveCfg = Release|Any CPU
		{268D7381-271B-42D5-9BF1-C71CC5ABC57B}.Release|ARM.Build.0 = Release|Any CPU
		{268D7381-271B-42D5-9BF1-C71CC5ABC57B}.Release|x64.ActiveCfg = Release|Any CPU
		{268D7381-271B-42D5-9BF1-C71CC5ABC57B}.Release|x64.Build.0 = Release|Any CPU
		{268D7381-271B-42D5-9BF1-C71CC5ABC57B}.Release|x86.ActiveCfg = Release|Any CPU
		{268D7381-271B-42D5-9BF1-C71CC5ABC57B}.Release|x86.Build.0 = Release|Any CPU
		{796B4E86-4DA3-427F-A825-13478EC03D6D}.Debug|Any CPU.ActiveCfg = Debug|Any CPU
		{796B4E86-4DA3-427F-A825-13478EC03D6D}.Debug|Any CPU.Build.0 = Debug|Any CPU
		{796B4E86-4DA3-427F-A825-13478EC03D6D}.Debug|ARM.ActiveCfg = Debug|Any CPU
		{796B4E86-4DA3-427F-A825-13478EC03D6D}.Debug|ARM.Build.0 = Debug|Any CPU
		{796B4E86-4DA3-427F-A825-13478EC03D6D}.Debug|x64.ActiveCfg = Debug|Any CPU
		{796B4E86-4DA3-427F-A825-13478EC03D6D}.Debug|x64.Build.0 = Debug|Any CPU
		{796B4E86-4DA3-427F-A825-13478EC03D6D}.Debug|x86.ActiveCfg = Debug|Any CPU
		{796B4E86-4DA3-427F-A825-13478EC03D6D}.Debug|x86.Build.0 = Debug|Any CPU
		{796B4E86-4DA3-427F-A825-13478EC03D6D}.Release|Any CPU.ActiveCfg = Release|Any CPU
		{796B4E86-4DA3-427F-A825-13478EC03D6D}.Release|Any CPU.Build.0 = Release|Any CPU
		{796B4E86-4DA3-427F-A825-13478EC03D6D}.Release|ARM.ActiveCfg = Release|Any CPU
		{796B4E86-4DA3-427F-A825-13478EC03D6D}.Release|ARM.Build.0 = Release|Any CPU
		{796B4E86-4DA3-427F-A825-13478EC03D6D}.Release|x64.ActiveCfg = Release|Any CPU
		{796B4E86-4DA3-427F-A825-13478EC03D6D}.Release|x64.Build.0 = Release|Any CPU
		{796B4E86-4DA3-427F-A825-13478EC03D6D}.Release|x86.ActiveCfg = Release|Any CPU
		{796B4E86-4DA3-427F-A825-13478EC03D6D}.Release|x86.Build.0 = Release|Any CPU
		{410592C2-3CF7-4AE0-B06C-6D23DFC5E40E}.Debug|Any CPU.ActiveCfg = Debug|Any CPU
		{410592C2-3CF7-4AE0-B06C-6D23DFC5E40E}.Debug|Any CPU.Build.0 = Debug|Any CPU
		{410592C2-3CF7-4AE0-B06C-6D23DFC5E40E}.Debug|ARM.ActiveCfg = Debug|ARM
		{410592C2-3CF7-4AE0-B06C-6D23DFC5E40E}.Debug|ARM.Build.0 = Debug|ARM
		{410592C2-3CF7-4AE0-B06C-6D23DFC5E40E}.Debug|x64.ActiveCfg = Debug|x64
		{410592C2-3CF7-4AE0-B06C-6D23DFC5E40E}.Debug|x64.Build.0 = Debug|x64
		{410592C2-3CF7-4AE0-B06C-6D23DFC5E40E}.Debug|x86.ActiveCfg = Debug|x86
		{410592C2-3CF7-4AE0-B06C-6D23DFC5E40E}.Debug|x86.Build.0 = Debug|x86
		{410592C2-3CF7-4AE0-B06C-6D23DFC5E40E}.Release|Any CPU.ActiveCfg = Release|Any CPU
		{410592C2-3CF7-4AE0-B06C-6D23DFC5E40E}.Release|Any CPU.Build.0 = Release|Any CPU
		{410592C2-3CF7-4AE0-B06C-6D23DFC5E40E}.Release|ARM.ActiveCfg = Release|ARM
		{410592C2-3CF7-4AE0-B06C-6D23DFC5E40E}.Release|ARM.Build.0 = Release|ARM
		{410592C2-3CF7-4AE0-B06C-6D23DFC5E40E}.Release|x64.ActiveCfg = Release|x64
		{410592C2-3CF7-4AE0-B06C-6D23DFC5E40E}.Release|x64.Build.0 = Release|x64
		{410592C2-3CF7-4AE0-B06C-6D23DFC5E40E}.Release|x86.ActiveCfg = Release|x86
		{410592C2-3CF7-4AE0-B06C-6D23DFC5E40E}.Release|x86.Build.0 = Release|x86
	EndGlobalSection
	GlobalSection(SolutionProperties) = preSolution
		HideSolutionNode = FALSE
	EndGlobalSection
	GlobalSection(ExtensibilityGlobals) = postSolution
		SolutionGuid = {8E92FC09-AEF0-4F34-90B5-C172837C5011}
	EndGlobalSection
EndGlobal
